Microsoft Visual Studio Solution File, Format Version 11.00
# Visual Studio 2008

Project("{F57D1EAA-5C38-A71E-15AD-EA036C671E49}") = "ProjetoRPII", "Assembly-CSharp.csproj", "{9C4117F3-9F13-5097-0424-D4DE5E2320B0}"
EndProject
Global
	GlobalSection(SolutionConfigurationPlatforms) = preSolution
		Debug|Any CPU = Debug|Any CPU
		Release|Any CPU = Release|Any CPU
	EndGlobalSection
	GlobalSection(ProjectConfigurationPlatforms) = postSolution
		{9C4117F3-9F13-5097-0424-D4DE5E2320B0}.Debug|Any CPU.ActiveCfg = Debug|Any CPU
		{9C4117F3-9F13-5097-0424-D4DE5E2320B0}.Debug|Any CPU.Build.0 = Debug|Any CPU
		{9C4117F3-9F13-5097-0424-D4DE5E2320B0}.Release|Any CPU.ActiveCfg = Release|Any CPU
		{9C4117F3-9F13-5097-0424-D4DE5E2320B0}.Release|Any CPU.Build.0 = Release|Any CPU
	EndGlobalSection
	GlobalSection(SolutionProperties) = preSolution
		HideSolutionNode = FALSE
	EndGlobalSection
	GlobalSection(MonoDevelopProperties) = preSolution
		StartupItem = Assembly-CSharp.csproj
	EndGlobalSection
EndGlobal
